
Microsoft Visual Studio Solution File, Format Version 12.00
# Visual Studio Version 16
VisualStudioVersion = 16.0.33927.289
MinimumVisualStudioVersion = 10.0.40219.1
Project("{FAE04EC0-301F-11D3-BF4B-00C04F79EFBC}") = "Тумаков - Лабораторная работа №5", "Тумаков - Лабораторная работа №5\Тумаков - Лабораторная работа №5.csproj", "{A2989930-95BB-4D05-AE60-85F94B63EF4A}"
EndProject
Project("{FAE04EC0-301F-11D3-BF4B-00C04F79EFBC}") = "Решение задач", "Решение задач\Решение задач.csproj", "{5F359A5A-3FCD-4C47-ABB5-FD946A35B632}"
EndProject
Global
	GlobalSection(SolutionConfigurationPlatforms) = preSolution
		Debug|Any CPU = Debug|Any CPU
		Release|Any CPU = Release|Any CPU
	EndGlobalSection
	GlobalSection(ProjectConfigurationPlatforms) = postSolution
		{A2989930-95BB-4D05-AE60-85F94B63EF4A}.Debug|Any CPU.ActiveCfg = Debug|Any CPU
		{A2989930-95BB-4D05-AE60-85F94B63EF4A}.Debug|Any CPU.Build.0 = Debug|Any CPU
		{A2989930-95BB-4D05-AE60-85F94B63EF4A}.Release|Any CPU.ActiveCfg = Release|Any CPU
		{A2989930-95BB-4D05-AE60-85F94B63EF4A}.Release|Any CPU.Build.0 = Release|Any CPU
		{5F359A5A-3FCD-4C47-ABB5-FD946A35B632}.Debug|Any CPU.ActiveCfg = Debug|Any CPU
		{5F359A5A-3FCD-4C47-ABB5-FD946A35B632}.Debug|Any CPU.Build.0 = Debug|Any CPU
		{5F359A5A-3FCD-4C47-ABB5-FD946A35B632}.Release|Any CPU.ActiveCfg = Release|Any CPU
		{5F359A5A-3FCD-4C47-ABB5-FD946A35B632}.Release|Any CPU.Build.0 = Release|Any CPU
	EndGlobalSection
	GlobalSection(SolutionProperties) = preSolution
		HideSolutionNode = FALSE
	EndGlobalSection
	GlobalSection(ExtensibilityGlobals) = postSolution
		SolutionGuid = {E93C2DC9-901E-4349-A4AC-A02BE44D9208}
	EndGlobalSection
EndGlobal
